
Microsoft Visual Studio Solution File, Format Version 12.00
# Visual Studio 2012
Project("{FAE04EC0-301F-11D3-BF4B-00C04F79EFBC}") = "HelloWorldApp", "HelloWorldApp\HelloWorldApp.csproj", "{3E869CA8-A1C4-4B9E-83E1-254DBC12BA5F}"
EndProject
Project("{FAE04EC0-301F-11D3-BF4B-00C04F79EFBC}") = "HelloWorldApp.iOS", "iOS\HelloWorldApp.iOS.csproj", "{BF2741E4-95A3-4E6E-A753-417F1E558D8B}"
EndProject
Project("{FAE04EC0-301F-11D3-BF4B-00C04F79EFBC}") = "HelloWorldApp.Droid", "Droid\HelloWorldApp.Droid.csproj", "{7970C2B1-5DDF-4F87-9818-7A22E5D4E348}"
EndProject
Global
	GlobalSection(SolutionConfigurationPlatforms) = preSolution
		Debug|Any CPU = Debug|Any CPU
		Release|Any CPU = Release|Any CPU
		Debug|iPhoneSimulator = Debug|iPhoneSimulator
		Release|iPhone = Release|iPhone
		Release|iPhoneSimulator = Release|iPhoneSimulator
		Debug|iPhone = Debug|iPhone
	EndGlobalSection
	GlobalSection(ProjectConfigurationPlatforms) = postSolution
		{3E869CA8-A1C4-4B9E-83E1-254DBC12BA5F}.Debug|Any CPU.ActiveCfg = Debug|Any CPU
		{3E869CA8-A1C4-4B9E-83E1-254DBC12BA5F}.Debug|Any CPU.Build.0 = Debug|Any CPU
		{3E869CA8-A1C4-4B9E-83E1-254DBC12BA5F}.Release|Any CPU.ActiveCfg = Release|Any CPU
		{3E869CA8-A1C4-4B9E-83E1-254DBC12BA5F}.Release|Any CPU.Build.0 = Release|Any CPU
		{3E869CA8-A1C4-4B9E-83E1-254DBC12BA5F}.Debug|iPhoneSimulator.ActiveCfg = Debug|Any CPU
		{3E869CA8-A1C4-4B9E-83E1-254DBC12BA5F}.Debug|iPhoneSimulator.Build.0 = Debug|Any CPU
		{3E869CA8-A1C4-4B9E-83E1-254DBC12BA5F}.Release|iPhone.ActiveCfg = Release|Any CPU
		{3E869CA8-A1C4-4B9E-83E1-254DBC12BA5F}.Release|iPhone.Build.0 = Release|Any CPU
		{3E869CA8-A1C4-4B9E-83E1-254DBC12BA5F}.Release|iPhoneSimulator.ActiveCfg = Release|Any CPU
		{3E869CA8-A1C4-4B9E-83E1-254DBC12BA5F}.Release|iPhoneSimulator.Build.0 = Release|Any CPU
		{3E869CA8-A1C4-4B9E-83E1-254DBC12BA5F}.Debug|iPhone.ActiveCfg = Debug|Any CPU
		{3E869CA8-A1C4-4B9E-83E1-254DBC12BA5F}.Debug|iPhone.Build.0 = Debug|Any CPU
		{BF2741E4-95A3-4E6E-A753-417F1E558D8B}.Debug|Any CPU.ActiveCfg = Debug|iPhoneSimulator
		{BF2741E4-95A3-4E6E-A753-417F1E558D8B}.Debug|Any CPU.Build.0 = Debug|iPhoneSimulator
		{BF2741E4-95A3-4E6E-A753-417F1E558D8B}.Release|Any CPU.ActiveCfg = Release|iPhone
		{BF2741E4-95A3-4E6E-A753-417F1E558D8B}.Release|Any CPU.Build.0 = Release|iPhone
		{BF2741E4-95A3-4E6E-A753-417F1E558D8B}.Debug|iPhoneSimulator.ActiveCfg = Debug|iPhoneSimulator
		{BF2741E4-95A3-4E6E-A753-417F1E558D8B}.Debug|iPhoneSimulator.Build.0 = Debug|iPhoneSimulator
		{BF2741E4-95A3-4E6E-A753-417F1E558D8B}.Release|iPhone.ActiveCfg = Release|iPhone
		{BF2741E4-95A3-4E6E-A753-417F1E558D8B}.Release|iPhone.Build.0 = Release|iPhone
		{BF2741E4-95A3-4E6E-A753-417F1E558D8B}.Release|iPhoneSimulator.ActiveCfg = Release|iPhoneSimulator
		{BF2741E4-95A3-4E6E-A753-417F1E558D8B}.Release|iPhoneSimulator.Build.0 = Release|iPhoneSimulator
		{BF2741E4-95A3-4E6E-A753-417F1E558D8B}.Debug|iPhone.ActiveCfg = Debug|iPhone
		{BF2741E4-95A3-4E6E-A753-417F1E558D8B}.Debug|iPhone.Build.0 = Debug|iPhone
		{7970C2B1-5DDF-4F87-9818-7A22E5D4E348}.Debug|Any CPU.ActiveCfg = Debug|Any CPU
		{7970C2B1-5DDF-4F87-9818-7A22E5D4E348}.Debug|Any CPU.Build.0 = Debug|Any CPU
		{7970C2B1-5DDF-4F87-9818-7A22E5D4E348}.Release|Any CPU.ActiveCfg = Release|Any CPU
		{7970C2B1-5DDF-4F87-9818-7A22E5D4E348}.Release|Any CPU.Build.0 = Release|Any CPU
		{7970C2B1-5DDF-4F87-9818-7A22E5D4E348}.Debug|iPhoneSimulator.ActiveCfg = Debug|Any CPU
		{7970C2B1-5DDF-4F87-9818-7A22E5D4E348}.Debug|iPhoneSimulator.Build.0 = Debug|Any CPU
		{7970C2B1-5DDF-4F87-9818-7A22E5D4E348}.Release|iPhone.ActiveCfg = Release|Any CPU
		{7970C2B1-5DDF-4F87-9818-7A22E5D4E348}.Release|iPhone.Build.0 = Release|Any CPU
		{7970C2B1-5DDF-4F87-9818-7A22E5D4E348}.Release|iPhoneSimulator.ActiveCfg = Release|Any CPU
		{7970C2B1-5DDF-4F87-9818-7A22E5D4E348}.Release|iPhoneSimulator.Build.0 = Release|Any CPU
		{7970C2B1-5DDF-4F87-9818-7A22E5D4E348}.Debug|iPhone.ActiveCfg = Debug|Any CPU
		{7970C2B1-5DDF-4F87-9818-7A22E5D4E348}.Debug|iPhone.Build.0 = Debug|Any CPU
	EndGlobalSection
EndGlobal
